
Microsoft Visual Studio Solution File, Format Version 12.00
# Visual Studio Version 17
VisualStudioVersion = 17.4.33213.308
MinimumVisualStudioVersion = 10.0.40219.1
Project("{FAE04EC0-301F-11D3-BF4B-00C04F79EFBC}") = "Auth0Validation", "Auth0Validation\Auth0Validation.csproj", "{BF6FC4A3-6136-4369-ACDB-F9DA78E143B9}"
EndProject
Global
	GlobalSection(SolutionConfigurationPlatforms) = preSolution
		Debug|Any CPU = Debug|Any CPU
		Release|Any CPU = Release|Any CPU
	EndGlobalSection
	GlobalSection(ProjectConfigurationPlatforms) = postSolution
		{BF6FC4A3-6136-4369-ACDB-F9DA78E143B9}.Debug|Any CPU.ActiveCfg = Debug|Any CPU
		{BF6FC4A3-6136-4369-ACDB-F9DA78E143B9}.Debug|Any CPU.Build.0 = Debug|Any CPU
		{BF6FC4A3-6136-4369-ACDB-F9DA78E143B9}.Release|Any CPU.ActiveCfg = Release|Any CPU
		{BF6FC4A3-6136-4369-ACDB-F9DA78E143B9}.Release|Any CPU.Build.0 = Release|Any CPU
	EndGlobalSection
	GlobalSection(SolutionProperties) = preSolution
		HideSolutionNode = FALSE
	EndGlobalSection
	GlobalSection(ExtensibilityGlobals) = postSolution
		SolutionGuid = {A4E7AA00-A3B1-4CAF-B661-BC97D4DBFDCF}
	EndGlobalSection
EndGlobal
